// !$*UTF8*$!
{
	archiveVersion = 1;
	classes = {
	};
	objectVersion = 46;
	objects = {

/* Begin PBXBuildFile section */
		F2FA71C71832B55B00C58274 /* Foundation.framework in Frameworks */ = {isa = PBXBuildFile; fileRef = F2FA71C61832B55B00C58274 /* Foundation.framework */; };
		F2FA71C91832B55B00C58274 /* CoreGraphics.framework in Frameworks */ = {isa = PBXBuildFile; fileRef = F2FA71C81832B55B00C58274 /* CoreGraphics.framework */; };
		F2FA71CB1832B55B00C58274 /* UIKit.framework in Frameworks */ = {isa = PBXBuildFile; fileRef = F2FA71CA1832B55B00C58274 /* UIKit.framework */; };
		F2FA71D11832B55B00C58274 /* InfoPlist.strings in Resources */ = {isa = PBXBuildFile; fileRef = F2FA71CF1832B55B00C58274 /* InfoPlist.strings */; };
		F2FA71D31832B55B00C58274 /* main.m in Sources */ = {isa = PBXBuildFile; fileRef = F2FA71D21832B55B00C58274 /* main.m */; };
		F2FA71D71832B55B00C58274 /* AppDelegate.m in Sources */ = {isa = PBXBuildFile; fileRef = F2FA71D61832B55B00C58274 /* AppDelegate.m */; };
		F2FA71DA1832B55B00C58274 /* Main.storyboard in Resources */ = {isa = PBXBuildFile; fileRef = F2FA71D81832B55B00C58274 /* Main.storyboard */; };
		F2FA71DD1832B55B00C58274 /* ViewController.m in Sources */ = {isa = PBXBuildFile; fileRef = F2FA71DC1832B55B00C58274 /* ViewController.m */; };
		F2FA71DF1832B55B00C58274 /* Images.xcassets in Resources */ = {isa = PBXBuildFile; fileRef = F2FA71DE1832B55B00C58274 /* Images.xcassets */; };
		F2FA71E61832B55B00C58274 /* XCTest.framework in Frameworks */ = {isa = PBXBuildFile; fileRef = F2FA71E51832B55B00C58274 /* XCTest.framework */; };
		F2FA71E71832B55B00C58274 /* Foundation.framework in Frameworks */ = {isa = PBXBuildFile; fileRef = F2FA71C61832B55B00C58274 /* Foundation.framework */; };
		F2FA71E81832B55B00C58274 /* UIKit.framework in Frameworks */ = {isa = PBXBuildFile; fileRef = F2FA71CA1832B55B00C58274 /* UIKit.framework */; };
		F2FA71FD1832B6BF00C58274 /* MKView.m in Sources */ = {isa = PBXBuildFile; fileRef = F2FA71FC1832B6BF00C58274 /* MKView.m */; };
		F2FA71FF1832C28100C58274 /* CoreText.framework in Frameworks */ = {isa = PBXBuildFile; fileRef = F2FA71FE1832C28000C58274 /* CoreText.framework */; };
		F2FA720218336F2900C58274 /* MK2View.m in Sources */ = {isa = PBXBuildFile; fileRef = F2FA720118336F2900C58274 /* MK2View.m */; };
/* End PBXBuildFile section */

/* Begin PBXContainerItemProxy section */
		F2FA71E91832B55B00C58274 /* PBXContainerItemProxy */ = {
			isa = PBXContainerItemProxy;
			containerPortal = F2FA71BB1832B55B00C58274 /* Project object */;
			proxyType = 1;
			remoteGlobalIDString = F2FA71C21832B55B00C58274;
			remoteInfo = MojiKaiten;
		};
/* End PBXContainerItemProxy section */

/* Begin PBXFileReference section */
		F2FA71C31832B55B00C58274 /* MojiKaiten.app */ = {isa = PBXFileReference; explicitFileType = wrapper.application; includeInIndex = 0; path = MojiKaiten.app; sourceTree = BUILT_PRODUCTS_DIR; };
		F2FA71C61832B55B00C58274 /* Foundation.framework */ = {isa = PBXFileReference; lastKnownFileType = wrapper.framework; name = Foundation.framework; path = System/Library/Frameworks/Foundation.framework; sourceTree = SDKROOT; };
		F2FA71C81832B55B00C58274 /* CoreGraphics.framework */ = {isa = PBXFileReference; lastKnownFileType = wrapper.framework; name = CoreGraphics.framework; path = System/Library/Frameworks/CoreGraphics.framework; sourceTree = SDKROOT; };
		F2FA71CA1832B55B00C58274 /* UIKit.framework */ = {isa = PBXFileReference; lastKnownFileType = wrapper.framework; name = UIKit.framework; path = System/Library/Frameworks/UIKit.framework; sourceTree = SDKROOT; };
		F2FA71CE1832B55B00C58274 /* MojiKaiten-Info.plist */ = {isa = PBXFileReference; lastKnownFileType = text.plist.xml; path = "MojiKaiten-Info.plist"; sourceTree = "<group>"; };
		F2FA71D01832B55B00C58274 /* en */ = {isa = PBXFileReference; lastKnownFileType = text.plist.strings; name = en; path = en.lproj/InfoPlist.strings; sourceTree = "<group>"; };
		F2FA71D21832B55B00C58274 /* main.m */ = {isa = PBXFileReference; lastKnownFileType = sourcecode.c.objc; path = main.m; sourceTree = "<group>"; };
		F2FA71D41832B55B00C58274 /* MojiKaiten-Prefix.pch */ = {isa = PBXFileReference; lastKnownFileType = sourcecode.c.h; path = "MojiKaiten-Prefix.pch"; sourceTree = "<group>"; };
		F2FA71D51832B55B00C58274 /* AppDelegate.h */ = {isa = PBXFileReference; lastKnownFileType = sourcecode.c.h; path = AppDelegate.h; sourceTree = "<group>"; };
		F2FA71D61832B55B00C58274 /* AppDelegate.m */ = {isa = PBXFileReference; lastKnownFileType = sourcecode.c.objc; path = AppDelegate.m; sourceTree = "<group>"; };
		F2FA71D91832B55B00C58274 /* Base */ = {isa = PBXFileReference; lastKnownFileType = file.storyboard; name = Base; path = Base.lproj/Main.storyboard; sourceTree = "<group>"; };
		F2FA71DB1832B55B00C58274 /* ViewController.h */ = {isa = PBXFileReference; lastKnownFileType = sourcecode.c.h; path = ViewController.h; sourceTree = "<group>"; };
		F2FA71DC1832B55B00C58274 /* ViewController.m */ = {isa = PBXFileReference; lastKnownFileType = sourcecode.c.objc; path = ViewController.m; sourceTree = "<group>"; };
		F2FA71DE1832B55B00C58274 /* Images.xcassets */ = {isa = PBXFileReference; lastKnownFileType = folder.assetcatalog; path = Images.xcassets; sourceTree = "<group>"; };
		F2FA71E41832B55B00C58274 /* MojiKaitenTests.xctest */ = {isa = PBXFileReference; explicitFileType = wrapper.cfbundle; includeInIndex = 0; path = MojiKaitenTests.xctest; sourceTree = BUILT_PRODUCTS_DIR; };
		F2FA71E51832B55B00C58274 /* XCTest.framework */ = {isa = PBXFileReference; lastKnownFileType = wrapper.framework; name = XCTest.framework; path = Library/Frameworks/XCTest.framework; sourceTree = DEVELOPER_DIR; };
		F2FA71FB1832B6BF00C58274 /* MKView.h */ = {isa = PBXFileReference; fileEncoding = 4; lastKnownFileType = sourcecode.c.h; path = MKView.h; sourceTree = "<group>"; };
		F2FA71FC1832B6BF00C58274 /* MKView.m */ = {isa = PBXFileReference; fileEncoding = 4; lastKnownFileType = sourcecode.c.objc; path = MKView.m; sourceTree = "<group>"; };
		F2FA71FE1832C28000C58274 /* CoreText.framework */ = {isa = PBXFileReference; lastKnownFileType = wrapper.framework; name = CoreText.framework; path = System/Library/Frameworks/CoreText.framework; sourceTree = SDKROOT; };
		F2FA720018336F2900C58274 /* MK2View.h */ = {isa = PBXFileReference; fileEncoding = 4; lastKnownFileType = sourcecode.c.h; path = MK2View.h; sourceTree = "<group>"; };
		F2FA720118336F2900C58274 /* MK2View.m */ = {isa = PBXFileReference; fileEncoding = 4; lastKnownFileType = sourcecode.c.objc; path = MK2View.m; sourceTree = "<group>"; };
/* End PBXFileReference section */

/* Begin PBXFrameworksBuildPhase section */
		F2FA71C01832B55B00C58274 /* Frameworks */ = {
			isa = PBXFrameworksBuildPhase;
			buildActionMask = 2147483647;
			files = (
				F2FA71FF1832C28100C58274 /* CoreText.framework in Frameworks */,
				F2FA71C91832B55B00C58274 /* CoreGraphics.framework in Frameworks */,
				F2FA71CB1832B55B00C58274 /* UIKit.framework in Frameworks */,
				F2FA71C71832B55B00C58274 /* Foundation.framework in Frameworks */,
			);
			runOnlyForDeploymentPostprocessing = 0;
		};
		F2FA71E11832B55B00C58274 /* Frameworks */ = {
			isa = PBXFrameworksBuildPhase;
			buildActionMask = 2147483647;
			files = (
				F2FA71E61832B55B00C58274 /* XCTest.framework in Frameworks */,
				F2FA71E81832B55B00C58274 /* UIKit.framework in Frameworks */,
				F2FA71E71832B55B00C58274 /* Foundation.framework in Frameworks */,
			);
			runOnlyForDeploymentPostprocessing = 0;
		};
/* End PBXFrameworksBuildPhase section */

/* Begin PBXGroup section */
		F2FA71BA1832B55B00C58274 = {
			isa = PBXGroup;
			children = (
				F2FA71CC1832B55B00C58274 /* MojiKaiten */,
				F2FA71C51832B55B00C58274 /* Frameworks */,
				F2FA71C41832B55B00C58274 /* Products */,
			);
			sourceTree = "<group>";
		};
		F2FA71C41832B55B00C58274 /* Products */ = {
			isa = PBXGroup;
			children = (
				F2FA71C31832B55B00C58274 /* MojiKaiten.app */,
				F2FA71E41832B55B00C58274 /* MojiKaitenTests.xctest */,
			);
			name = Products;
			sourceTree = "<group>";
		};
		F2FA71C51832B55B00C58274 /* Frameworks */ = {
			isa = PBXGroup;
			children = (
				F2FA71FE1832C28000C58274 /* CoreText.framework */,
				F2FA71C61832B55B00C58274 /* Foundation.framework */,
				F2FA71C81832B55B00C58274 /* CoreGraphics.framework */,
				F2FA71CA1832B55B00C58274 /* UIKit.framework */,
				F2FA71E51832B55B00C58274 /* XCTest.framework */,
			);
			name = Frameworks;
			sourceTree = "<group>";
		};
		F2FA71CC1832B55B00C58274 /* MojiKaiten */ = {
			isa = PBXGroup;
			children = (
				F2FA71FB1832B6BF00C58274 /* MKView.h */,
				F2FA71FC1832B6BF00C58274 /* MKView.m */,
				F2FA71D51832B55B00C58274 /* AppDelegate.h */,
				F2FA71D61832B55B00C58274 /* AppDelegate.m */,
				F2FA71D81832B55B00C58274 /* Main.storyboard */,
				F2FA71DB1832B55B00C58274 /* ViewController.h */,
				F2FA71DC1832B55B00C58274 /* ViewController.m */,
				F2FA71DE1832B55B00C58274 /* Images.xcassets */,
				F2FA71CD1832B55B00C58274 /* Supporting Files */,
				F2FA720018336F2900C58274 /* MK2View.h */,
				F2FA720118336F2900C58274 /* MK2View.m */,
			);
			path = MojiKaiten;
			sourceTree = "<group>";
		};
		F2FA71CD1832B55B00C58274 /* Supporting Files */ = {
			isa = PBXGroup;
			children = (
				F2FA71CE1832B55B00C58274 /* MojiKaiten-Info.plist */,
				F2FA71CF1832B55B00C58274 /* InfoPlist.strings */,
				F2FA71D21832B55B00C58274 /* main.m */,
				F2FA71D41832B55B00C58274 /* MojiKaiten-Prefix.pch */,
			);
			name = "Supporting Files";
			sourceTree = "<group>";
		};
/* End PBXGroup section */

/* Begin PBXNativeTarget section */
		F2FA71C21832B55B00C58274 /* MojiKaiten */ = {
			isa = PBXNativeTarget;
			buildConfigurationList = F2FA71F51832B55B00C58274 /* Build configuration list for PBXNativeTarget "MojiKaiten" */;
			buildPhases = (
				F2FA71BF1832B55B00C58274 /* Sources */,
				F2FA71C01832B55B00C58274 /* Frameworks */,
				F2FA71C11832B55B00C58274 /* Resources */,
			);
			buildRules = (
			);
			dependencies = (
			);
			name = MojiKaiten;
			productName = MojiKaiten;
			productReference = F2FA71C31832B55B00C58274 /* MojiKaiten.app */;
			productType = "com.apple.product-type.application";
		};
		F2FA71E31832B55B00C58274 /* MojiKaitenTests */ = {
			isa = PBXNativeTarget;
			buildConfigurationList = F2FA71F81832B55B00C58274 /* Build configuration list for PBXNativeTarget "MojiKaitenTests" */;
			buildPhases = (
				F2FA71E01832B55B00C58274 /* Sources */,
				F2FA71E11832B55B00C58274 /* Frameworks */,
				F2FA71E21832B55B00C58274 /* Resources */,
			);
			buildRules = (
			);
			dependencies = (
				F2FA71EA1832B55B00C58274 /* PBXTargetDependency */,
			);
			name = MojiKaitenTests;
			productName = MojiKaitenTests;
			productReference = F2FA71E41832B55B00C58274 /* MojiKaitenTests.xctest */;
			productType = "com.apple.product-type.bundle.unit-test";
		};
/* End PBXNativeTarget section */

/* Begin PBXProject section */
		F2FA71BB1832B55B00C58274 /* Project object */ = {
			isa = PBXProject;
			attributes = {
				LastUpgradeCheck = 0500;
				ORGANIZATIONNAME = deiji.jp;
				TargetAttributes = {
					F2FA71E31832B55B00C58274 = {
						TestTargetID = F2FA71C21832B55B00C58274;
					};
				};
			};
			buildConfigurationList = F2FA71BE1832B55B00C58274 /* Build configuration list for PBXProject "MojiKaiten" */;
			compatibilityVersion = "Xcode 3.2";
			developmentRegion = English;
			hasScannedForEncodings = 0;
			knownRegions = (
				en,
				Base,
			);
			mainGroup = F2FA71BA1832B55B00C58274;
			productRefGroup = F2FA71C41832B55B00C58274 /* Products */;
			projectDirPath = "";
			projectRoot = "";
			targets = (
				F2FA71C21832B55B00C58274 /* MojiKaiten */,
				F2FA71E31832B55B00C58274 /* MojiKaitenTests */,
			);
		};
/* End PBXProject section */

/* Begin PBXResourcesBuildPhase section */
		F2FA71C11832B55B00C58274 /* Resources */ = {
			isa = PBXResourcesBuildPhase;
			buildActionMask = 2147483647;
			files = (
				F2FA71DF1832B55B00C58274 /* Images.xcassets in Resources */,
				F2FA71D11832B55B00C58274 /* InfoPlist.strings in Resources */,
				F2FA71DA1832B55B00C58274 /* Main.storyboard in Resources */,
			);
			runOnlyForDeploymentPostprocessing = 0;
		};
		F2FA71E21832B55B00C58274 /* Resources */ = {
			isa = PBXResourcesBuildPhase;
			buildActionMask = 2147483647;
			files = (
			);
			runOnlyForDeploymentPostprocessing = 0;
		};
/* End PBXResourcesBuildPhase section */

/* Begin PBXSourcesBuildPhase section */
		F2FA71BF1832B55B00C58274 /* Sources */ = {
			isa = PBXSourcesBuildPhase;
			buildActionMask = 2147483647;
			files = (
				F2FA71DD1832B55B00C58274 /* ViewController.m in Sources */,
				F2FA71D71832B55B00C58274 /* AppDelegate.m in Sources */,
				F2FA71FD1832B6BF00C58274 /* MKView.m in Sources */,
				F2FA71D31832B55B00C58274 /* main.m in Sources */,
				F2FA720218336F2900C58274 /* MK2View.m in Sources */,
			);
			runOnlyForDeploymentPostprocessing = 0;
		};
		F2FA71E01832B55B00C58274 /* Sources */ = {
			isa = PBXSourcesBuildPhase;
			buildActionMask = 2147483647;
			files = (
			);
			runOnlyForDeploymentPostprocessing = 0;
		};
/* End PBXSourcesBuildPhase section */

/* Begin PBXTargetDependency section */
		F2FA71EA1832B55B00C58274 /* PBXTargetDependency */ = {
			isa = PBXTargetDependency;
			target = F2FA71C21832B55B00C58274 /* MojiKaiten */;
			targetProxy = F2FA71E91832B55B00C58274 /* PBXContainerItemProxy */;
		};
/* End PBXTargetDependency section */

/* Begin PBXVariantGroup section */
		F2FA71CF1832B55B00C58274 /* InfoPlist.strings */ = {
			isa = PBXVariantGroup;
			children = (
				F2FA71D01832B55B00C58274 /* en */,
			);
			name = InfoPlist.strings;
			sourceTree = "<group>";
		};
		F2FA71D81832B55B00C58274 /* Main.storyboard */ = {
			isa = PBXVariantGroup;
			children = (
				F2FA71D91832B55B00C58274 /* Base */,
			);
			name = Main.storyboard;
			sourceTree = "<group>";
		};
/* End PBXVariantGroup section */

/* Begin XCBuildConfiguration section */
		F2FA71F31832B55B00C58274 /* Debug */ = {
			isa = XCBuildConfiguration;
			buildSettings = {
				ALWAYS_SEARCH_USER_PATHS = NO;
				ARCHS = "$(ARCHS_STANDARD_INCLUDING_64_BIT)";
				CLANG_CXX_LANGUAGE_STANDARD = "gnu++0x";
				CLANG_CXX_LIBRARY = "libc++";
				CLANG_ENABLE_MODULES = YES;
				CLANG_ENABLE_OBJC_ARC = YES;
				CLANG_WARN_BOOL_CONVERSION = YES;
				CLANG_WARN_CONSTANT_CONVERSION = YES;
				CLANG_WARN_DIRECT_OBJC_ISA_USAGE = YES_ERROR;
				CLANG_WARN_EMPTY_BODY = YES;
				CLANG_WARN_ENUM_CONVERSION = YES;
				CLANG_WARN_INT_CONVERSION = YES;
				CLANG_WARN_OBJC_ROOT_CLASS = YES_ERROR;
				CLANG_WARN__DUPLICATE_METHOD_MATCH = YES;
				"CODE_SIGN_IDENTITY[sdk=iphoneos*]" = "iPhone Developer";
				COPY_PHASE_STRIP = NO;
				GCC_C_LANGUAGE_STANDARD = gnu99;
				GCC_DYNAMIC_NO_PIC = NO;
				GCC_OPTIMIZATION_LEVEL = 0;
				GCC_PREPROCESSOR_DEFINITIONS = (
					"DEBUG=1",
					"$(inherited)",
				);
				GCC_SYMBOLS_PRIVATE_EXTERN = NO;
				GCC_WARN_64_TO_32_BIT_CONVERSION = YES;
				GCC_WARN_ABOUT_RETURN_TYPE = YES_ERROR;
				GCC_WARN_UNDECLARED_SELECTOR = YES;
				GCC_WARN_UNINITIALIZED_AUTOS = YES;
				GCC_WARN_UNUSED_FUNCTION = YES;
				GCC_WARN_UNUSED_VARIABLE = YES;
				IPHONEOS_DEPLOYMENT_TARGET = 7.0;
				ONLY_ACTIVE_ARCH = YES;
				SDKROOT = iphoneos;
			};
			name = Debug;
		};
		F2FA71F41832B55B00C58274 /* Release */ = {
			isa = XCBuildConfiguration;
			buildSettings = {
				ALWAYS_SEARCH_USER_PATHS = NO;
				ARCHS = "$(ARCHS_STANDARD_INCLUDING_64_BIT)";
				CLANG_CXX_LANGUAGE_STANDARD = "gnu++0x";
				CLANG_CXX_LIBRARY = "libc++";
				CLANG_ENABLE_MODULES = YES;
				CLANG_ENABLE_OBJC_ARC = YES;
				CLANG_WARN_BOOL_CONVERSION = YES;
				CLANG_WARN_CONSTANT_CONVERSION = YES;
				CLANG_WARN_DIRECT_OBJC_ISA_USAGE = YES_ERROR;
				CLANG_WARN_EMPTY_BODY = YES;
				CLANG_WARN_ENUM_CONVERSION = YES;
				CLANG_WARN_INT_CONVERSION = YES;
				CLANG_WARN_OBJC_ROOT_CLASS = YES_ERROR;
				CLANG_WARN__DUPLICATE_METHOD_MATCH = YES;
				"CODE_SIGN_IDENTITY[sdk=iphoneos*]" = "iPhone Developer";
				COPY_PHASE_STRIP = YES;
				ENABLE_NS_ASSERTIONS = NO;
				GCC_C_LANGUAGE_STANDARD = gnu99;
				GCC_WARN_64_TO_32_BIT_CONVERSION = YES;
				GCC_WARN_ABOUT_RETURN_TYPE = YES_ERROR;
				GCC_WARN_UNDECLARED_SELECTOR = YES;
				GCC_WARN_UNINITIALIZED_AUTOS = YES;
				GCC_WARN_UNUSED_FUNCTION = YES;
				GCC_WARN_UNUSED_VARIABLE = YES;
				IPHONEOS_DEPLOYMENT_TARGET = 7.0;
				SDKROOT = iphoneos;
				VALIDATE_PRODUCT = YES;
			};
			name = Release;
		};
		F2FA71F61832B55B00C58274 /* Debug */ = {
			isa = XCBuildConfiguration;
			buildSettings = {
				ASSETCATALOG_COMPILER_APPICON_NAME = AppIcon;
				ASSETCATALOG_COMPILER_LAUNCHIMAGE_NAME = LaunchImage;
				GCC_PRECOMPILE_PREFIX_HEADER = YES;
				GCC_PREFIX_HEADER = "MojiKaiten/MojiKaiten-Prefix.pch";
				INFOPLIST_FILE = "MojiKaiten/MojiKaiten-Info.plist";
				PRODUCT_NAME = "$(TARGET_NAME)";
				WRAPPER_EXTENSION = app;
			};
			name = Debug;
		};
		F2FA71F71832B55B00C58274 /* Release */ = {
			isa = XCBuildConfiguration;
			buildSettings = {
				ASSETCATALOG_COMPILER_APPICON_NAME = AppIcon;
				ASSETCATALOG_COMPILER_LAUNCHIMAGE_NAME = LaunchImage;
				GCC_PRECOMPILE_PREFIX_HEADER = YES;
				GCC_PREFIX_HEADER = "MojiKaiten/MojiKaiten-Prefix.pch";
				INFOPLIST_FILE = "MojiKaiten/MojiKaiten-Info.plist";
				PRODUCT_NAME = "$(TARGET_NAME)";
				WRAPPER_EXTENSION = app;
			};
			name = Release;
		};
		F2FA71F91832B55B00C58274 /* Debug */ = {
			isa = XCBuildConfiguration;
			buildSettings = {
				ARCHS = "$(ARCHS_STANDARD_INCLUDING_64_BIT)";
				BUNDLE_LOADER = "$(BUILT_PRODUCTS_DIR)/MojiKaiten.app/MojiKaiten";
				FRAMEWORK_SEARCH_PATHS = (
					"$(SDKROOT)/Developer/Library/Frameworks",
					"$(inherited)",
					"$(DEVELOPER_FRAMEWORKS_DIR)",
				);
				GCC_PRECOMPILE_PREFIX_HEADER = YES;
				GCC_PREFIX_HEADER = "MojiKaiten/MojiKaiten-Prefix.pch";
				GCC_PREPROCESSOR_DEFINITIONS = (
					"DEBUG=1",
					"$(inherited)",
				);
				INFOPLIST_FILE = "MojiKaitenTests/MojiKaitenTests-Info.plist";
				PRODUCT_NAME = "$(TARGET_NAME)";
				TEST_HOST = "$(BUNDLE_LOADER)";
				WRAPPER_EXTENSION = xctest;
			};
			name = Debug;
		};
		F2FA71FA1832B55B00C58274 /* Release */ = {
			isa = XCBuildConfiguration;
			buildSettings = {
				ARCHS = "$(ARCHS_STANDARD_INCLUDING_64_BIT)";
				BUNDLE_LOADER = "$(BUILT_PRODUCTS_DIR)/MojiKaiten.app/MojiKaiten";
				FRAMEWORK_SEARCH_PATHS = (
					"$(SDKROOT)/Developer/Library/Frameworks",
					"$(inherited)",
					"$(DEVELOPER_FRAMEWORKS_DIR)",
				);
				GCC_PRECOMPILE_PREFIX_HEADER = YES;
				GCC_PREFIX_HEADER = "MojiKaiten/MojiKaiten-Prefix.pch";
				INFOPLIST_FILE = "MojiKaitenTests/MojiKaitenTests-Info.plist";
				PRODUCT_NAME = "$(TARGET_NAME)";
				TEST_HOST = "$(BUNDLE_LOADER)";
				WRAPPER_EXTENSION = xctest;
			};
			name = Release;
		};
/* End XCBuildConfiguration section */

/* Begin XCConfigurationList section */
		F2FA71BE1832B55B00C58274 /* Build configuration list for PBXProject "MojiKaiten" */ = {
			isa = XCConfigurationList;
			buildConfigurations = (
				F2FA71F31832B55B00C58274 /* Debug */,
				F2FA71F41832B55B00C58274 /* Release */,
			);
			defaultConfigurationIsVisible = 0;
			defaultConfigurationName = Release;
		};
		F2FA71F51832B55B00C58274 /* Build configuration list for PBXNativeTarget "MojiKaiten" */ = {
			isa = XCConfigurationList;
			buildConfigurations = (
				F2FA71F61832B55B00C58274 /* Debug */,
				F2FA71F71832B55B00C58274 /* Release */,
			);
			defaultConfigurationIsVisible = 0;
		};
		F2FA71F81832B55B00C58274 /* Build configuration list for PBXNativeTarget "MojiKaitenTests" */ = {
			isa = XCConfigurationList;
			buildConfigurations = (
				F2FA71F91832B55B00C58274 /* Debug */,
				F2FA71FA1832B55B00C58274 /* Release */,
			);
			defaultConfigurationIsVisible = 0;
		};
/* End XCConfigurationList section */
	};
	rootObject = F2FA71BB1832B55B00C58274 /* Project object */;
}
