// !$*UTF8*$!
{
	archiveVersion = 1;
	classes = {
	};
	objectVersion = 46;
	objects = {

/* Begin PBXBuildFile section */
		F27A1E72182B4E3000AF8632 /* Foundation.framework in Frameworks */ = {isa = PBXBuildFile; fileRef = F27A1E71182B4E3000AF8632 /* Foundation.framework */; };
		F27A1E74182B4E3000AF8632 /* CoreGraphics.framework in Frameworks */ = {isa = PBXBuildFile; fileRef = F27A1E73182B4E3000AF8632 /* CoreGraphics.framework */; };
		F27A1E76182B4E3000AF8632 /* UIKit.framework in Frameworks */ = {isa = PBXBuildFile; fileRef = F27A1E75182B4E3000AF8632 /* UIKit.framework */; };
		F27A1E7C182B4E3000AF8632 /* InfoPlist.strings in Resources */ = {isa = PBXBuildFile; fileRef = F27A1E7A182B4E3000AF8632 /* InfoPlist.strings */; };
		F27A1E7E182B4E3000AF8632 /* main.m in Sources */ = {isa = PBXBuildFile; fileRef = F27A1E7D182B4E3000AF8632 /* main.m */; };
		F27A1E82182B4E3000AF8632 /* SclAppDelegate.m in Sources */ = {isa = PBXBuildFile; fileRef = F27A1E81182B4E3000AF8632 /* SclAppDelegate.m */; };
		F27A1E85182B4E3000AF8632 /* Main.storyboard in Resources */ = {isa = PBXBuildFile; fileRef = F27A1E83182B4E3000AF8632 /* Main.storyboard */; };
		F27A1E88182B4E3000AF8632 /* SclMasterViewController.m in Sources */ = {isa = PBXBuildFile; fileRef = F27A1E87182B4E3000AF8632 /* SclMasterViewController.m */; };
		F27A1E8B182B4E3000AF8632 /* SclDetailViewController.m in Sources */ = {isa = PBXBuildFile; fileRef = F27A1E8A182B4E3000AF8632 /* SclDetailViewController.m */; };
		F27A1E8D182B4E3000AF8632 /* Images.xcassets in Resources */ = {isa = PBXBuildFile; fileRef = F27A1E8C182B4E3000AF8632 /* Images.xcassets */; };
		F27A1E94182B4E3000AF8632 /* XCTest.framework in Frameworks */ = {isa = PBXBuildFile; fileRef = F27A1E93182B4E3000AF8632 /* XCTest.framework */; };
		F27A1E95182B4E3000AF8632 /* Foundation.framework in Frameworks */ = {isa = PBXBuildFile; fileRef = F27A1E71182B4E3000AF8632 /* Foundation.framework */; };
		F27A1E96182B4E3000AF8632 /* UIKit.framework in Frameworks */ = {isa = PBXBuildFile; fileRef = F27A1E75182B4E3000AF8632 /* UIKit.framework */; };
		F27A1EAA182B4F7E00AF8632 /* CFNetwork.framework in Frameworks */ = {isa = PBXBuildFile; fileRef = F27A1EA9182B4F7E00AF8632 /* CFNetwork.framework */; };
		F27A1EAC182B4F8600AF8632 /* Security.framework in Frameworks */ = {isa = PBXBuildFile; fileRef = F27A1EAB182B4F8600AF8632 /* Security.framework */; };
		F27A1EAE182B4F9000AF8632 /* SystemConfiguration.framework in Frameworks */ = {isa = PBXBuildFile; fileRef = F27A1EAD182B4F9000AF8632 /* SystemConfiguration.framework */; };
		F27A1EB0182B4F9C00AF8632 /* libsqlite3.dylib in Frameworks */ = {isa = PBXBuildFile; fileRef = F27A1EAF182B4F9C00AF8632 /* libsqlite3.dylib */; };
		F27A1EB2182B4FA400AF8632 /* libz.dylib in Frameworks */ = {isa = PBXBuildFile; fileRef = F27A1EB1182B4FA400AF8632 /* libz.dylib */; };
		F27A1EB5182B501F00AF8632 /* CouchbaseLite.framework in Frameworks */ = {isa = PBXBuildFile; fileRef = F27A1EB3182B501F00AF8632 /* CouchbaseLite.framework */; };
		F27A1EB6182B501F00AF8632 /* CouchbaseLiteListener.framework in Frameworks */ = {isa = PBXBuildFile; fileRef = F27A1EB4182B501F00AF8632 /* CouchbaseLiteListener.framework */; };
		F27A1EB9182B801E00AF8632 /* Memo.m in Sources */ = {isa = PBXBuildFile; fileRef = F27A1EB8182B801E00AF8632 /* Memo.m */; };
/* End PBXBuildFile section */

/* Begin PBXContainerItemProxy section */
		F27A1E97182B4E3000AF8632 /* PBXContainerItemProxy */ = {
			isa = PBXContainerItemProxy;
			containerPortal = F27A1E66182B4E3000AF8632 /* Project object */;
			proxyType = 1;
			remoteGlobalIDString = F27A1E6D182B4E3000AF8632;
			remoteInfo = SampleUseCouchbaselite2;
		};
/* End PBXContainerItemProxy section */

/* Begin PBXFileReference section */
		F27A1E6E182B4E3000AF8632 /* SampleUseCouchbaselite2.app */ = {isa = PBXFileReference; explicitFileType = wrapper.application; includeInIndex = 0; path = SampleUseCouchbaselite2.app; sourceTree = BUILT_PRODUCTS_DIR; };
		F27A1E71182B4E3000AF8632 /* Foundation.framework */ = {isa = PBXFileReference; lastKnownFileType = wrapper.framework; name = Foundation.framework; path = System/Library/Frameworks/Foundation.framework; sourceTree = SDKROOT; };
		F27A1E73182B4E3000AF8632 /* CoreGraphics.framework */ = {isa = PBXFileReference; lastKnownFileType = wrapper.framework; name = CoreGraphics.framework; path = System/Library/Frameworks/CoreGraphics.framework; sourceTree = SDKROOT; };
		F27A1E75182B4E3000AF8632 /* UIKit.framework */ = {isa = PBXFileReference; lastKnownFileType = wrapper.framework; name = UIKit.framework; path = System/Library/Frameworks/UIKit.framework; sourceTree = SDKROOT; };
		F27A1E79182B4E3000AF8632 /* SampleUseCouchbaselite2-Info.plist */ = {isa = PBXFileReference; lastKnownFileType = text.plist.xml; path = "SampleUseCouchbaselite2-Info.plist"; sourceTree = "<group>"; };
		F27A1E7B182B4E3000AF8632 /* en */ = {isa = PBXFileReference; lastKnownFileType = text.plist.strings; name = en; path = en.lproj/InfoPlist.strings; sourceTree = "<group>"; };
		F27A1E7D182B4E3000AF8632 /* main.m */ = {isa = PBXFileReference; lastKnownFileType = sourcecode.c.objc; path = main.m; sourceTree = "<group>"; };
		F27A1E7F182B4E3000AF8632 /* SampleUseCouchbaselite2-Prefix.pch */ = {isa = PBXFileReference; lastKnownFileType = sourcecode.c.h; path = "SampleUseCouchbaselite2-Prefix.pch"; sourceTree = "<group>"; };
		F27A1E80182B4E3000AF8632 /* SclAppDelegate.h */ = {isa = PBXFileReference; lastKnownFileType = sourcecode.c.h; path = SclAppDelegate.h; sourceTree = "<group>"; };
		F27A1E81182B4E3000AF8632 /* SclAppDelegate.m */ = {isa = PBXFileReference; lastKnownFileType = sourcecode.c.objc; path = SclAppDelegate.m; sourceTree = "<group>"; };
		F27A1E84182B4E3000AF8632 /* Base */ = {isa = PBXFileReference; lastKnownFileType = file.storyboard; name = Base; path = Base.lproj/Main.storyboard; sourceTree = "<group>"; };
		F27A1E86182B4E3000AF8632 /* SclMasterViewController.h */ = {isa = PBXFileReference; lastKnownFileType = sourcecode.c.h; path = SclMasterViewController.h; sourceTree = "<group>"; };
		F27A1E87182B4E3000AF8632 /* SclMasterViewController.m */ = {isa = PBXFileReference; lastKnownFileType = sourcecode.c.objc; path = SclMasterViewController.m; sourceTree = "<group>"; };
		F27A1E89182B4E3000AF8632 /* SclDetailViewController.h */ = {isa = PBXFileReference; lastKnownFileType = sourcecode.c.h; path = SclDetailViewController.h; sourceTree = "<group>"; };
		F27A1E8A182B4E3000AF8632 /* SclDetailViewController.m */ = {isa = PBXFileReference; lastKnownFileType = sourcecode.c.objc; path = SclDetailViewController.m; sourceTree = "<group>"; };
		F27A1E8C182B4E3000AF8632 /* Images.xcassets */ = {isa = PBXFileReference; lastKnownFileType = folder.assetcatalog; path = Images.xcassets; sourceTree = "<group>"; };
		F27A1E92182B4E3000AF8632 /* SampleUseCouchbaselite2Tests.xctest */ = {isa = PBXFileReference; explicitFileType = wrapper.cfbundle; includeInIndex = 0; path = SampleUseCouchbaselite2Tests.xctest; sourceTree = BUILT_PRODUCTS_DIR; };
		F27A1E93182B4E3000AF8632 /* XCTest.framework */ = {isa = PBXFileReference; lastKnownFileType = wrapper.framework; name = XCTest.framework; path = Library/Frameworks/XCTest.framework; sourceTree = DEVELOPER_DIR; };
		F27A1EA9182B4F7E00AF8632 /* CFNetwork.framework */ = {isa = PBXFileReference; lastKnownFileType = wrapper.framework; name = CFNetwork.framework; path = System/Library/Frameworks/CFNetwork.framework; sourceTree = SDKROOT; };
		F27A1EAB182B4F8600AF8632 /* Security.framework */ = {isa = PBXFileReference; lastKnownFileType = wrapper.framework; name = Security.framework; path = System/Library/Frameworks/Security.framework; sourceTree = SDKROOT; };
		F27A1EAD182B4F9000AF8632 /* SystemConfiguration.framework */ = {isa = PBXFileReference; lastKnownFileType = wrapper.framework; name = SystemConfiguration.framework; path = System/Library/Frameworks/SystemConfiguration.framework; sourceTree = SDKROOT; };
		F27A1EAF182B4F9C00AF8632 /* libsqlite3.dylib */ = {isa = PBXFileReference; lastKnownFileType = "compiled.mach-o.dylib"; name = libsqlite3.dylib; path = usr/lib/libsqlite3.dylib; sourceTree = SDKROOT; };
		F27A1EB1182B4FA400AF8632 /* libz.dylib */ = {isa = PBXFileReference; lastKnownFileType = "compiled.mach-o.dylib"; name = libz.dylib; path = usr/lib/libz.dylib; sourceTree = SDKROOT; };
		F27A1EB3182B501F00AF8632 /* CouchbaseLite.framework */ = {isa = PBXFileReference; lastKnownFileType = wrapper.framework; path = CouchbaseLite.framework; sourceTree = "<group>"; };
		F27A1EB4182B501F00AF8632 /* CouchbaseLiteListener.framework */ = {isa = PBXFileReference; lastKnownFileType = wrapper.framework; path = CouchbaseLiteListener.framework; sourceTree = "<group>"; };
		F27A1EB7182B801E00AF8632 /* Memo.h */ = {isa = PBXFileReference; fileEncoding = 4; lastKnownFileType = sourcecode.c.h; path = Memo.h; sourceTree = "<group>"; };
		F27A1EB8182B801E00AF8632 /* Memo.m */ = {isa = PBXFileReference; fileEncoding = 4; lastKnownFileType = sourcecode.c.objc; path = Memo.m; sourceTree = "<group>"; };
/* End PBXFileReference section */

/* Begin PBXFrameworksBuildPhase section */
		F27A1E6B182B4E3000AF8632 /* Frameworks */ = {
			isa = PBXFrameworksBuildPhase;
			buildActionMask = 2147483647;
			files = (
				F27A1EB2182B4FA400AF8632 /* libz.dylib in Frameworks */,
				F27A1EB0182B4F9C00AF8632 /* libsqlite3.dylib in Frameworks */,
				F27A1EAE182B4F9000AF8632 /* SystemConfiguration.framework in Frameworks */,
				F27A1EAC182B4F8600AF8632 /* Security.framework in Frameworks */,
				F27A1EB5182B501F00AF8632 /* CouchbaseLite.framework in Frameworks */,
				F27A1EAA182B4F7E00AF8632 /* CFNetwork.framework in Frameworks */,
				F27A1EB6182B501F00AF8632 /* CouchbaseLiteListener.framework in Frameworks */,
				F27A1E74182B4E3000AF8632 /* CoreGraphics.framework in Frameworks */,
				F27A1E76182B4E3000AF8632 /* UIKit.framework in Frameworks */,
				F27A1E72182B4E3000AF8632 /* Foundation.framework in Frameworks */,
			);
			runOnlyForDeploymentPostprocessing = 0;
		};
		F27A1E8F182B4E3000AF8632 /* Frameworks */ = {
			isa = PBXFrameworksBuildPhase;
			buildActionMask = 2147483647;
			files = (
				F27A1E94182B4E3000AF8632 /* XCTest.framework in Frameworks */,
				F27A1E96182B4E3000AF8632 /* UIKit.framework in Frameworks */,
				F27A1E95182B4E3000AF8632 /* Foundation.framework in Frameworks */,
			);
			runOnlyForDeploymentPostprocessing = 0;
		};
/* End PBXFrameworksBuildPhase section */

/* Begin PBXGroup section */
		F27A1E65182B4E3000AF8632 = {
			isa = PBXGroup;
			children = (
				F27A1E77182B4E3000AF8632 /* SampleUseCouchbaselite2 */,
				F27A1E70182B4E3000AF8632 /* Frameworks */,
				F27A1E6F182B4E3000AF8632 /* Products */,
			);
			sourceTree = "<group>";
		};
		F27A1E6F182B4E3000AF8632 /* Products */ = {
			isa = PBXGroup;
			children = (
				F27A1E6E182B4E3000AF8632 /* SampleUseCouchbaselite2.app */,
				F27A1E92182B4E3000AF8632 /* SampleUseCouchbaselite2Tests.xctest */,
			);
			name = Products;
			sourceTree = "<group>";
		};
		F27A1E70182B4E3000AF8632 /* Frameworks */ = {
			isa = PBXGroup;
			children = (
				F27A1EB1182B4FA400AF8632 /* libz.dylib */,
				F27A1EAF182B4F9C00AF8632 /* libsqlite3.dylib */,
				F27A1EB3182B501F00AF8632 /* CouchbaseLite.framework */,
				F27A1EB4182B501F00AF8632 /* CouchbaseLiteListener.framework */,
				F27A1EAD182B4F9000AF8632 /* SystemConfiguration.framework */,
				F27A1EAB182B4F8600AF8632 /* Security.framework */,
				F27A1EA9182B4F7E00AF8632 /* CFNetwork.framework */,
				F27A1E71182B4E3000AF8632 /* Foundation.framework */,
				F27A1E73182B4E3000AF8632 /* CoreGraphics.framework */,
				F27A1E75182B4E3000AF8632 /* UIKit.framework */,
				F27A1E93182B4E3000AF8632 /* XCTest.framework */,
			);
			name = Frameworks;
			sourceTree = "<group>";
		};
		F27A1E77182B4E3000AF8632 /* SampleUseCouchbaselite2 */ = {
			isa = PBXGroup;
			children = (
				F27A1EB7182B801E00AF8632 /* Memo.h */,
				F27A1EB8182B801E00AF8632 /* Memo.m */,
				F27A1E80182B4E3000AF8632 /* SclAppDelegate.h */,
				F27A1E81182B4E3000AF8632 /* SclAppDelegate.m */,
				F27A1E83182B4E3000AF8632 /* Main.storyboard */,
				F27A1E86182B4E3000AF8632 /* SclMasterViewController.h */,
				F27A1E87182B4E3000AF8632 /* SclMasterViewController.m */,
				F27A1E89182B4E3000AF8632 /* SclDetailViewController.h */,
				F27A1E8A182B4E3000AF8632 /* SclDetailViewController.m */,
				F27A1E8C182B4E3000AF8632 /* Images.xcassets */,
				F27A1E78182B4E3000AF8632 /* Supporting Files */,
			);
			path = SampleUseCouchbaselite2;
			sourceTree = "<group>";
		};
		F27A1E78182B4E3000AF8632 /* Supporting Files */ = {
			isa = PBXGroup;
			children = (
				F27A1E79182B4E3000AF8632 /* SampleUseCouchbaselite2-Info.plist */,
				F27A1E7A182B4E3000AF8632 /* InfoPlist.strings */,
				F27A1E7D182B4E3000AF8632 /* main.m */,
				F27A1E7F182B4E3000AF8632 /* SampleUseCouchbaselite2-Prefix.pch */,
			);
			name = "Supporting Files";
			sourceTree = "<group>";
		};
/* End PBXGroup section */

/* Begin PBXNativeTarget section */
		F27A1E6D182B4E3000AF8632 /* SampleUseCouchbaselite2 */ = {
			isa = PBXNativeTarget;
			buildConfigurationList = F27A1EA3182B4E3000AF8632 /* Build configuration list for PBXNativeTarget "SampleUseCouchbaselite2" */;
			buildPhases = (
				F27A1E6A182B4E3000AF8632 /* Sources */,
				F27A1E6B182B4E3000AF8632 /* Frameworks */,
				F27A1E6C182B4E3000AF8632 /* Resources */,
			);
			buildRules = (
			);
			dependencies = (
			);
			name = SampleUseCouchbaselite2;
			productName = SampleUseCouchbaselite2;
			productReference = F27A1E6E182B4E3000AF8632 /* SampleUseCouchbaselite2.app */;
			productType = "com.apple.product-type.application";
		};
		F27A1E91182B4E3000AF8632 /* SampleUseCouchbaselite2Tests */ = {
			isa = PBXNativeTarget;
			buildConfigurationList = F27A1EA6182B4E3000AF8632 /* Build configuration list for PBXNativeTarget "SampleUseCouchbaselite2Tests" */;
			buildPhases = (
				F27A1E8E182B4E3000AF8632 /* Sources */,
				F27A1E8F182B4E3000AF8632 /* Frameworks */,
				F27A1E90182B4E3000AF8632 /* Resources */,
			);
			buildRules = (
			);
			dependencies = (
				F27A1E98182B4E3000AF8632 /* PBXTargetDependency */,
			);
			name = SampleUseCouchbaselite2Tests;
			productName = SampleUseCouchbaselite2Tests;
			productReference = F27A1E92182B4E3000AF8632 /* SampleUseCouchbaselite2Tests.xctest */;
			productType = "com.apple.product-type.bundle.unit-test";
		};
/* End PBXNativeTarget section */

/* Begin PBXProject section */
		F27A1E66182B4E3000AF8632 /* Project object */ = {
			isa = PBXProject;
			attributes = {
				CLASSPREFIX = Scl;
				LastUpgradeCheck = 0500;
				ORGANIZATIONNAME = deiji.jp;
				TargetAttributes = {
					F27A1E91182B4E3000AF8632 = {
						TestTargetID = F27A1E6D182B4E3000AF8632;
					};
				};
			};
			buildConfigurationList = F27A1E69182B4E3000AF8632 /* Build configuration list for PBXProject "SampleUseCouchbaselite2" */;
			compatibilityVersion = "Xcode 3.2";
			developmentRegion = English;
			hasScannedForEncodings = 0;
			knownRegions = (
				en,
				Base,
			);
			mainGroup = F27A1E65182B4E3000AF8632;
			productRefGroup = F27A1E6F182B4E3000AF8632 /* Products */;
			projectDirPath = "";
			projectRoot = "";
			targets = (
				F27A1E6D182B4E3000AF8632 /* SampleUseCouchbaselite2 */,
				F27A1E91182B4E3000AF8632 /* SampleUseCouchbaselite2Tests */,
			);
		};
/* End PBXProject section */

/* Begin PBXResourcesBuildPhase section */
		F27A1E6C182B4E3000AF8632 /* Resources */ = {
			isa = PBXResourcesBuildPhase;
			buildActionMask = 2147483647;
			files = (
				F27A1E8D182B4E3000AF8632 /* Images.xcassets in Resources */,
				F27A1E7C182B4E3000AF8632 /* InfoPlist.strings in Resources */,
				F27A1E85182B4E3000AF8632 /* Main.storyboard in Resources */,
			);
			runOnlyForDeploymentPostprocessing = 0;
		};
		F27A1E90182B4E3000AF8632 /* Resources */ = {
			isa = PBXResourcesBuildPhase;
			buildActionMask = 2147483647;
			files = (
			);
			runOnlyForDeploymentPostprocessing = 0;
		};
/* End PBXResourcesBuildPhase section */

/* Begin PBXSourcesBuildPhase section */
		F27A1E6A182B4E3000AF8632 /* Sources */ = {
			isa = PBXSourcesBuildPhase;
			buildActionMask = 2147483647;
			files = (
				F27A1EB9182B801E00AF8632 /* Memo.m in Sources */,
				F27A1E8B182B4E3000AF8632 /* SclDetailViewController.m in Sources */,
				F27A1E7E182B4E3000AF8632 /* main.m in Sources */,
				F27A1E88182B4E3000AF8632 /* SclMasterViewController.m in Sources */,
				F27A1E82182B4E3000AF8632 /* SclAppDelegate.m in Sources */,
			);
			runOnlyForDeploymentPostprocessing = 0;
		};
		F27A1E8E182B4E3000AF8632 /* Sources */ = {
			isa = PBXSourcesBuildPhase;
			buildActionMask = 2147483647;
			files = (
			);
			runOnlyForDeploymentPostprocessing = 0;
		};
/* End PBXSourcesBuildPhase section */

/* Begin PBXTargetDependency section */
		F27A1E98182B4E3000AF8632 /* PBXTargetDependency */ = {
			isa = PBXTargetDependency;
			target = F27A1E6D182B4E3000AF8632 /* SampleUseCouchbaselite2 */;
			targetProxy = F27A1E97182B4E3000AF8632 /* PBXContainerItemProxy */;
		};
/* End PBXTargetDependency section */

/* Begin PBXVariantGroup section */
		F27A1E7A182B4E3000AF8632 /* InfoPlist.strings */ = {
			isa = PBXVariantGroup;
			children = (
				F27A1E7B182B4E3000AF8632 /* en */,
			);
			name = InfoPlist.strings;
			sourceTree = "<group>";
		};
		F27A1E83182B4E3000AF8632 /* Main.storyboard */ = {
			isa = PBXVariantGroup;
			children = (
				F27A1E84182B4E3000AF8632 /* Base */,
			);
			name = Main.storyboard;
			sourceTree = "<group>";
		};
/* End PBXVariantGroup section */

/* Begin XCBuildConfiguration section */
		F27A1EA1182B4E3000AF8632 /* Debug */ = {
			isa = XCBuildConfiguration;
			buildSettings = {
				ALWAYS_SEARCH_USER_PATHS = NO;
				ARCHS = "$(ARCHS_STANDARD_INCLUDING_64_BIT)";
				CLANG_CXX_LANGUAGE_STANDARD = "gnu++0x";
				CLANG_CXX_LIBRARY = "libc++";
				CLANG_ENABLE_MODULES = YES;
				CLANG_ENABLE_OBJC_ARC = YES;
				CLANG_WARN_BOOL_CONVERSION = YES;
				CLANG_WARN_CONSTANT_CONVERSION = YES;
				CLANG_WARN_DIRECT_OBJC_ISA_USAGE = YES_ERROR;
				CLANG_WARN_EMPTY_BODY = YES;
				CLANG_WARN_ENUM_CONVERSION = YES;
				CLANG_WARN_INT_CONVERSION = YES;
				CLANG_WARN_OBJC_ROOT_CLASS = YES_ERROR;
				CLANG_WARN__DUPLICATE_METHOD_MATCH = YES;
				"CODE_SIGN_IDENTITY[sdk=iphoneos*]" = "iPhone Developer";
				COPY_PHASE_STRIP = NO;
				GCC_C_LANGUAGE_STANDARD = gnu99;
				GCC_DYNAMIC_NO_PIC = NO;
				GCC_OPTIMIZATION_LEVEL = 0;
				GCC_PREPROCESSOR_DEFINITIONS = (
					"DEBUG=1",
					"$(inherited)",
				);
				GCC_SYMBOLS_PRIVATE_EXTERN = NO;
				GCC_WARN_64_TO_32_BIT_CONVERSION = YES;
				GCC_WARN_ABOUT_RETURN_TYPE = YES_ERROR;
				GCC_WARN_UNDECLARED_SELECTOR = YES;
				GCC_WARN_UNINITIALIZED_AUTOS = YES;
				GCC_WARN_UNUSED_FUNCTION = YES;
				GCC_WARN_UNUSED_VARIABLE = YES;
				IPHONEOS_DEPLOYMENT_TARGET = 7.0;
				ONLY_ACTIVE_ARCH = YES;
				SDKROOT = iphoneos;
			};
			name = Debug;
		};
		F27A1EA2182B4E3000AF8632 /* Release */ = {
			isa = XCBuildConfiguration;
			buildSettings = {
				ALWAYS_SEARCH_USER_PATHS = NO;
				ARCHS = "$(ARCHS_STANDARD_INCLUDING_64_BIT)";
				CLANG_CXX_LANGUAGE_STANDARD = "gnu++0x";
				CLANG_CXX_LIBRARY = "libc++";
				CLANG_ENABLE_MODULES = YES;
				CLANG_ENABLE_OBJC_ARC = YES;
				CLANG_WARN_BOOL_CONVERSION = YES;
				CLANG_WARN_CONSTANT_CONVERSION = YES;
				CLANG_WARN_DIRECT_OBJC_ISA_USAGE = YES_ERROR;
				CLANG_WARN_EMPTY_BODY = YES;
				CLANG_WARN_ENUM_CONVERSION = YES;
				CLANG_WARN_INT_CONVERSION = YES;
				CLANG_WARN_OBJC_ROOT_CLASS = YES_ERROR;
				CLANG_WARN__DUPLICATE_METHOD_MATCH = YES;
				"CODE_SIGN_IDENTITY[sdk=iphoneos*]" = "iPhone Developer";
				COPY_PHASE_STRIP = YES;
				ENABLE_NS_ASSERTIONS = NO;
				GCC_C_LANGUAGE_STANDARD = gnu99;
				GCC_WARN_64_TO_32_BIT_CONVERSION = YES;
				GCC_WARN_ABOUT_RETURN_TYPE = YES_ERROR;
				GCC_WARN_UNDECLARED_SELECTOR = YES;
				GCC_WARN_UNINITIALIZED_AUTOS = YES;
				GCC_WARN_UNUSED_FUNCTION = YES;
				GCC_WARN_UNUSED_VARIABLE = YES;
				IPHONEOS_DEPLOYMENT_TARGET = 7.0;
				SDKROOT = iphoneos;
				VALIDATE_PRODUCT = YES;
			};
			name = Release;
		};
		F27A1EA4182B4E3000AF8632 /* Debug */ = {
			isa = XCBuildConfiguration;
			buildSettings = {
				ASSETCATALOG_COMPILER_APPICON_NAME = AppIcon;
				ASSETCATALOG_COMPILER_LAUNCHIMAGE_NAME = LaunchImage;
				FRAMEWORK_SEARCH_PATHS = (
					"$(inherited)",
					"/Users/nakawakashigeto/export/@develop/@github/@ugo-nakawaka/pub/xcode/SampleUseCouchbaselite2",
				);
				GCC_PRECOMPILE_PREFIX_HEADER = YES;
				GCC_PREFIX_HEADER = "SampleUseCouchbaselite2/SampleUseCouchbaselite2-Prefix.pch";
				INFOPLIST_FILE = "SampleUseCouchbaselite2/SampleUseCouchbaselite2-Info.plist";
				"OTHER_LDFLAGS[arch=*]" = "-ObjC";
				PRODUCT_NAME = "$(TARGET_NAME)";
				WRAPPER_EXTENSION = app;
			};
			name = Debug;
		};
		F27A1EA5182B4E3000AF8632 /* Release */ = {
			isa = XCBuildConfiguration;
			buildSettings = {
				ASSETCATALOG_COMPILER_APPICON_NAME = AppIcon;
				ASSETCATALOG_COMPILER_LAUNCHIMAGE_NAME = LaunchImage;
				FRAMEWORK_SEARCH_PATHS = (
					"$(inherited)",
					"/Users/nakawakashigeto/export/@develop/@github/@ugo-nakawaka/pub/xcode/SampleUseCouchbaselite2",
				);
				GCC_PRECOMPILE_PREFIX_HEADER = YES;
				GCC_PREFIX_HEADER = "SampleUseCouchbaselite2/SampleUseCouchbaselite2-Prefix.pch";
				INFOPLIST_FILE = "SampleUseCouchbaselite2/SampleUseCouchbaselite2-Info.plist";
				"OTHER_LDFLAGS[arch=*]" = "-ObjC";
				PRODUCT_NAME = "$(TARGET_NAME)";
				WRAPPER_EXTENSION = app;
			};
			name = Release;
		};
		F27A1EA7182B4E3000AF8632 /* Debug */ = {
			isa = XCBuildConfiguration;
			buildSettings = {
				ARCHS = "$(ARCHS_STANDARD_INCLUDING_64_BIT)";
				BUNDLE_LOADER = "$(BUILT_PRODUCTS_DIR)/SampleUseCouchbaselite2.app/SampleUseCouchbaselite2";
				FRAMEWORK_SEARCH_PATHS = (
					"$(SDKROOT)/Developer/Library/Frameworks",
					"$(inherited)",
					"$(DEVELOPER_FRAMEWORKS_DIR)",
				);
				GCC_PRECOMPILE_PREFIX_HEADER = YES;
				GCC_PREFIX_HEADER = "SampleUseCouchbaselite2/SampleUseCouchbaselite2-Prefix.pch";
				GCC_PREPROCESSOR_DEFINITIONS = (
					"DEBUG=1",
					"$(inherited)",
				);
				INFOPLIST_FILE = "SampleUseCouchbaselite2Tests/SampleUseCouchbaselite2Tests-Info.plist";
				PRODUCT_NAME = "$(TARGET_NAME)";
				TEST_HOST = "$(BUNDLE_LOADER)";
				WRAPPER_EXTENSION = xctest;
			};
			name = Debug;
		};
		F27A1EA8182B4E3000AF8632 /* Release */ = {
			isa = XCBuildConfiguration;
			buildSettings = {
				ARCHS = "$(ARCHS_STANDARD_INCLUDING_64_BIT)";
				BUNDLE_LOADER = "$(BUILT_PRODUCTS_DIR)/SampleUseCouchbaselite2.app/SampleUseCouchbaselite2";
				FRAMEWORK_SEARCH_PATHS = (
					"$(SDKROOT)/Developer/Library/Frameworks",
					"$(inherited)",
					"$(DEVELOPER_FRAMEWORKS_DIR)",
				);
				GCC_PRECOMPILE_PREFIX_HEADER = YES;
				GCC_PREFIX_HEADER = "SampleUseCouchbaselite2/SampleUseCouchbaselite2-Prefix.pch";
				INFOPLIST_FILE = "SampleUseCouchbaselite2Tests/SampleUseCouchbaselite2Tests-Info.plist";
				PRODUCT_NAME = "$(TARGET_NAME)";
				TEST_HOST = "$(BUNDLE_LOADER)";
				WRAPPER_EXTENSION = xctest;
			};
			name = Release;
		};
/* End XCBuildConfiguration section */

/* Begin XCConfigurationList section */
		F27A1E69182B4E3000AF8632 /* Build configuration list for PBXProject "SampleUseCouchbaselite2" */ = {
			isa = XCConfigurationList;
			buildConfigurations = (
				F27A1EA1182B4E3000AF8632 /* Debug */,
				F27A1EA2182B4E3000AF8632 /* Release */,
			);
			defaultConfigurationIsVisible = 0;
			defaultConfigurationName = Release;
		};
		F27A1EA3182B4E3000AF8632 /* Build configuration list for PBXNativeTarget "SampleUseCouchbaselite2" */ = {
			isa = XCConfigurationList;
			buildConfigurations = (
				F27A1EA4182B4E3000AF8632 /* Debug */,
				F27A1EA5182B4E3000AF8632 /* Release */,
			);
			defaultConfigurationIsVisible = 0;
		};
		F27A1EA6182B4E3000AF8632 /* Build configuration list for PBXNativeTarget "SampleUseCouchbaselite2Tests" */ = {
			isa = XCConfigurationList;
			buildConfigurations = (
				F27A1EA7182B4E3000AF8632 /* Debug */,
				F27A1EA8182B4E3000AF8632 /* Release */,
			);
			defaultConfigurationIsVisible = 0;
		};
/* End XCConfigurationList section */
	};
	rootObject = F27A1E66182B4E3000AF8632 /* Project object */;
}
